# Auto-generated by tools/check_migration_manifest.py.
# Do not hand-edit; CI will refuse if checksums drift from the
# migrations/ directory.
0001_initial_runtime_persistence sha256=8b9b2e07be180786e78c0118d88eac2808867d2fdec03ca2df2e7a49d0b93f62
0002_runtime_events_presentation sha256=b496ca306bc9394567a945fd49cdece7b3fd9ae960ba9aeb2bcc7f58a12ea482
0003_audit_hardening sha256=a16a1bc64b405cfa6291ae7ece49c3cc371d0ff3b8f619de5be06fd7ce6a89ca
0004_runtime_run_usage sha256=c9696a0200fe2cd4d48dfe507ea9dcc26914045de8baff38cc925c683b55a3f6
0005_runtime_model_call_usage sha256=5e8d4612092e00ab6a3f6accf422dd83a67af78bc2aa9f22dbf89bdeb000779a
0006_model_pricing sha256=3f817456d556e9a5e0e8733539e1aae4304e96d3ddd2e3ad1848c3119faf4749
0007_usage_daily_rollups sha256=f2db64ef6d080559213676e1df130b818e1d010b6f9e79f3cd5ddc3f0ad81c0f
