# Auto-generated by tools/check_migration_manifest.py.
# Do not hand-edit; CI will refuse if checksums drift from the
# migrations/ directory.
0001_initial_runtime_persistence sha256=8b9b2e07be180786e78c0118d88eac2808867d2fdec03ca2df2e7a49d0b93f62
0002_runtime_events_presentation sha256=b496ca306bc9394567a945fd49cdece7b3fd9ae960ba9aeb2bcc7f58a12ea482
0003_audit_hardening sha256=a16a1bc64b405cfa6291ae7ece49c3cc371d0ff3b8f619de5be06fd7ce6a89ca
0004_runtime_run_usage sha256=c9696a0200fe2cd4d48dfe507ea9dcc26914045de8baff38cc925c683b55a3f6
0005_runtime_model_call_usage sha256=5e8d4612092e00ab6a3f6accf422dd83a67af78bc2aa9f22dbf89bdeb000779a
0006_model_pricing sha256=3f817456d556e9a5e0e8733539e1aae4304e96d3ddd2e3ad1848c3119faf4749
0007_usage_daily_rollups sha256=f2db64ef6d080559213676e1df130b818e1d010b6f9e79f3cd5ddc3f0ad81c0f
0008_rls_tenant_isolation sha256=197788f262daf7e08c55fa70e4af5afb1b26bcd6069812d5780495f404c8cf16
0009_usage_budgets sha256=7a3bd871c94ea198f131e4ec7ef5e430379d8edc95615d4e6b7659ac80a1371c
0010_runtime_tool_budgets sha256=68b09f9fa993e231530b1ff630442f0338aec2503044917a744f39bca291a150
0011_field_encryption sha256=7cc5300c49d4808050672740ea5382b85b6b7ef22fecd68878453fcde4ba9633
0012_retention_policies sha256=61e678e071e4a1b46cbe8ade8bf5dcb6cd2c7f79c32e861e9dc349fa41ab594c
0013_pg_stat_statements_grant sha256=289be5b42bb5a41a53b4f63fb5534d0a387f6ad3e56be7c2dfe78de6e84b8c8a
0014_runtime_drafts sha256=c3e6efc4f0b631f8e7d322fcdaa080db58ad1b980531b8bdc4aae3dc8e093777
0015_runtime_citations sha256=a23e9b5618d960c7614925b57af6f5ee50be327c898a4044cfba807344735afc
0016_conversation_connector_scope sha256=b8f283b679c1929f24affe513a12280c4e0d419e20a8104725820acdc5b2e5be
0017_approval_forwarding sha256=266198278a85716e4fdf6ce8515e1349bd5673aea5d492e66c39eeaf5f8cea22
0018_approval_chain_depth sha256=f7d5944a1c74d51969288e7e3e7deb046ead41740fe2f307390b0d58b9392e62
0019_workspace_defaults sha256=a2c360dfe64e00a7fd04c240e4acc92b375c99f304b73e936e06de8b759916e1
0020_conversation_lifecycle sha256=9b1b7e8806345ef2b86ce1117d3ba8d6b9c4cf671a0dcc2419441d64e7221351
0021_workspace_defaults_behavior_overrides sha256=17957756d8616f9e897e57a9f4cbbb2cc785cffc497b32b5beaea920c6e8453b
0022_conversation_fork_lineage sha256=83935d9cb85b75ebde26866621e23a7a27484e1975052df2cf4ce0368bea3897
0023_conversation_shares sha256=941b6055f8b052174e6cfc69650572b3bd47cebd5b7718e49752f62243d7457b
