# Auto-generated by tools/check_migration_manifest.py.
# Do not hand-edit; CI will refuse if checksums drift from the
# migrations/ directory.
0001_initial_mcp_skills sha256=b00bf986c1f1fa4cd993428218333aba5d122e3752e89c771f5abf85e5a48798
0002_audit_hardening sha256=27c9fbe3f79e9649395fe9822bc4391e73dc7b84082883c033cba8e2c4f90743
0003_mcp_auth_connections_unique sha256=2cd271b7c4d43efa70cc8fb0a797ac569b884d1a0232baef1e4e568b2c495fc9
0004_identity_foundation sha256=4d64d1b0bbef59336670783d1305804675337de823d0c690196eb06d9bec2ecc
0004b_seed_system_roles sha256=2b58a3838b785301731bec6c0074dc6480399ac142791b01084dbe82b0c68bb2
0005_sessions sha256=80f0d6b7609f38077a4eb4e44026abf968b53f56adc1c55778e2e2ab1c997b6b
0006_oidc sha256=2a2e9444803b0da8106065546864b7f3e01fdccba80ef37002ff369f08f401c4
0007_local_password sha256=d8e0dc51e7d1c1132445d636cbc2710c98cb27c8dde69e382f81ebff884dbf02
0007a_identity_policies sha256=f5c2fa2b2bb6fdd31345a7ecc43162686d2b6011a6e40f2a8f718026f951fbce
