# Auto-generated by tools/check_migration_manifest.py.
# Do not hand-edit; CI will refuse if checksums drift from the
# migrations/ directory.
0001_backend_baseline sha256=bd591313a0a84b0dad0e0190434a57a044b9643e884b629761f238382d1cbeb4
0041_surface_specs sha256=b34e7a5d55458a7b870000833f474bdf1b2e7f549fcf524ab83668fa50ba4ba8
0042_provider_api_keys_default_model sha256=689e5506482e2ff1997613875966e3b68d319a29725b1b0d1839460f484f414e
0043_projects sha256=48b741b03c068f16e7a1ac0cbd10b9cf34c4a4b6f268db6741ad9078ec85163e
0044_connectors sha256=e37e1442beadcaeef3d16e88e753217a6bf963daf59db39ff9961dc64daa1d72
0045_provider_api_keys_custom_endpoint sha256=327d42c49760e9bc3092d1e74de1370a392a724ddcb662d68182f895918cacfb
