# Auto-generated by tools/check_migration_manifest.py.
# Do not hand-edit; CI will refuse if checksums drift from the
# migrations/ directory.
0001_initial_mcp_skills sha256=b00bf986c1f1fa4cd993428218333aba5d122e3752e89c771f5abf85e5a48798
0002_audit_hardening sha256=27c9fbe3f79e9649395fe9822bc4391e73dc7b84082883c033cba8e2c4f90743
0003_mcp_auth_connections_unique sha256=2cd271b7c4d43efa70cc8fb0a797ac569b884d1a0232baef1e4e568b2c495fc9
